
Microsoft Visual Studio Solution File, Format Version 12.00
# Visual Studio 15
Project("{FAE04EC0-301F-11D3-BF4B-00C04F79EFBC}") = "Assembly-CSharp", "Assembly-CSharp.csproj", "{E7EECAA9-8949-A592-8CF5-B968457545C7}"
EndProject
Project("{FAE04EC0-301F-11D3-BF4B-00C04F79EFBC}") = "Assembly-CSharp-Editor", "Assembly-CSharp-Editor.csproj", "{37513771-6851-CCC9-EB08-8BB4A2007D77}"
EndProject
Global
	GlobalSection(SolutionConfigurationPlatforms) = preSolution
		Debug|Any CPU = Debug|Any CPU
		Release|Any CPU = Release|Any CPU
	EndGlobalSection
	GlobalSection(ProjectConfigurationPlatforms) = postSolution
		{E7EECAA9-8949-A592-8CF5-B968457545C7}.Debug|Any CPU.ActiveCfg = Debug|Any CPU
		{E7EECAA9-8949-A592-8CF5-B968457545C7}.Debug|Any CPU.Build.0 = Debug|Any CPU
		{E7EECAA9-8949-A592-8CF5-B968457545C7}.Release|Any CPU.ActiveCfg = Release|Any CPU
		{E7EECAA9-8949-A592-8CF5-B968457545C7}.Release|Any CPU.Build.0 = Release|Any CPU
		{37513771-6851-CCC9-EB08-8BB4A2007D77}.Debug|Any CPU.ActiveCfg = Debug|Any CPU
		{37513771-6851-CCC9-EB08-8BB4A2007D77}.Debug|Any CPU.Build.0 = Debug|Any CPU
		{37513771-6851-CCC9-EB08-8BB4A2007D77}.Release|Any CPU.ActiveCfg = Release|Any CPU
		{37513771-6851-CCC9-EB08-8BB4A2007D77}.Release|Any CPU.Build.0 = Release|Any CPU
	EndGlobalSection
	GlobalSection(SolutionProperties) = preSolution
		HideSolutionNode = FALSE
	EndGlobalSection
EndGlobal
